
Microsoft Visual Studio Solution File, Format Version 11.00
# Visual Studio 2010
Project("{FAE04EC0-301F-11D3-BF4B-00C04F79EFBC}") = "P.E.T. INC", "Assembly-CSharp-firstpass.csproj", "{90FD5C72-A744-A438-557F-100624C78DBB}"
EndProject
Project("{FAE04EC0-301F-11D3-BF4B-00C04F79EFBC}") = "P.E.T. INC", "Assembly-CSharp.csproj", "{75090088-60D7-6A94-D64E-0FE94018D15A}"
EndProject
Global
	GlobalSection(SolutionConfigurationPlatforms) = preSolution
		Debug|Any CPU = Debug|Any CPU
		Release|Any CPU = Release|Any CPU
	EndGlobalSection
	GlobalSection(ProjectConfigurationPlatforms) = postSolution
		{90FD5C72-A744-A438-557F-100624C78DBB}.Debug|Any CPU.ActiveCfg = Debug|Any CPU
		{90FD5C72-A744-A438-557F-100624C78DBB}.Debug|Any CPU.Build.0 = Debug|Any CPU
		{90FD5C72-A744-A438-557F-100624C78DBB}.Release|Any CPU.ActiveCfg = Release|Any CPU
		{90FD5C72-A744-A438-557F-100624C78DBB}.Release|Any CPU.Build.0 = Release|Any CPU
		{75090088-60D7-6A94-D64E-0FE94018D15A}.Debug|Any CPU.ActiveCfg = Debug|Any CPU
		{75090088-60D7-6A94-D64E-0FE94018D15A}.Debug|Any CPU.Build.0 = Debug|Any CPU
		{75090088-60D7-6A94-D64E-0FE94018D15A}.Release|Any CPU.ActiveCfg = Release|Any CPU
		{75090088-60D7-6A94-D64E-0FE94018D15A}.Release|Any CPU.Build.0 = Release|Any CPU
	EndGlobalSection
	GlobalSection(SolutionProperties) = preSolution
		HideSolutionNode = FALSE
	EndGlobalSection
	GlobalSection(MonoDevelopProperties) = preSolution
		StartupItem = Assembly-CSharp.csproj
	EndGlobalSection
EndGlobal
